Microsoft Visual Studio Solution File, Format Version 11.00
# Visual Studio 2008

Project("{5003AD1B-2FFB-3741-4A93-C9A64C6B00F1}") = "7DFPS", "Assembly-CSharp-firstpass.csproj", "{6DEFEAD3-C2CF-7CD5-8DFD-EB0483B53367}"
EndProject
Project("{5003AD1B-2FFB-3741-4A93-C9A64C6B00F1}") = "7DFPS", "Assembly-UnityScript-firstpass.unityproj", "{7CDC9298-0DA3-D795-12AA-A0EC7EBE78C8}"
EndProject
Project("{5003AD1B-2FFB-3741-4A93-C9A64C6B00F1}") = "7DFPS", "Assembly-UnityScript.unityproj", "{CA78D70F-A1B7-4E4E-698F-818146D05929}"
EndProject
Global
	GlobalSection(SolutionConfigurationPlatforms) = preSolution
		Debug|Any CPU = Debug|Any CPU
		Release|Any CPU = Release|Any CPU
	EndGlobalSection
	GlobalSection(ProjectConfigurationPlatforms) = postSolution
		{6DEFEAD3-C2CF-7CD5-8DFD-EB0483B53367}.Debug|Any CPU.ActiveCfg = Debug|Any CPU
		{6DEFEAD3-C2CF-7CD5-8DFD-EB0483B53367}.Debug|Any CPU.Build.0 = Debug|Any CPU
		{6DEFEAD3-C2CF-7CD5-8DFD-EB0483B53367}.Release|Any CPU.ActiveCfg = Release|Any CPU
		{6DEFEAD3-C2CF-7CD5-8DFD-EB0483B53367}.Release|Any CPU.Build.0 = Release|Any CPU
		{7CDC9298-0DA3-D795-12AA-A0EC7EBE78C8}.Debug|Any CPU.ActiveCfg = Debug|Any CPU
		{7CDC9298-0DA3-D795-12AA-A0EC7EBE78C8}.Debug|Any CPU.Build.0 = Debug|Any CPU
		{7CDC9298-0DA3-D795-12AA-A0EC7EBE78C8}.Release|Any CPU.ActiveCfg = Release|Any CPU
		{7CDC9298-0DA3-D795-12AA-A0EC7EBE78C8}.Release|Any CPU.Build.0 = Release|Any CPU
		{CA78D70F-A1B7-4E4E-698F-818146D05929}.Debug|Any CPU.ActiveCfg = Debug|Any CPU
		{CA78D70F-A1B7-4E4E-698F-818146D05929}.Debug|Any CPU.Build.0 = Debug|Any CPU
		{CA78D70F-A1B7-4E4E-698F-818146D05929}.Release|Any CPU.ActiveCfg = Release|Any CPU
		{CA78D70F-A1B7-4E4E-698F-818146D05929}.Release|Any CPU.Build.0 = Release|Any CPU
	EndGlobalSection
	GlobalSection(SolutionProperties) = preSolution
		HideSolutionNode = FALSE
	EndGlobalSection
				GlobalSection(MonoDevelopProperties) = preSolution
		StartupItem = Assembly-CSharp.csproj
		Policies = $0
		$0.TextStylePolicy = $1
		$1.inheritsSet = null
		$1.scope = text/x-csharp
		$0.CSharpFormattingPolicy = $2
		$2.inheritsSet = Mono
		$2.inheritsScope = text/x-csharp
		$2.scope = text/x-csharp
		$0.TextStylePolicy = $3
		$3.FileWidth = 120
		$3.TabWidth = 4
		$3.EolMarker = Unix
		$3.inheritsSet = Mono
		$3.inheritsScope = text/plain
		$3.scope = text/plain
	EndGlobalSection

EndGlobal
