Microsoft Visual Studio Solution File, Format Version 11.00
# Visual Studio 2008

Project("{D001055D-889C-3BAE-66BD-CA6F720933D1}") = "UnityProject", "Assembly-CSharp-firstpass.csproj", "{FDE690F1-626F-FFA0-5754-E83120972A79}"
EndProject
Project("{D001055D-889C-3BAE-66BD-CA6F720933D1}") = "UnityProject", "Assembly-UnityScript-firstpass.unityproj", "{5120E47E-05CF-77CB-C2BE-2B2453982161}"
EndProject
Project("{D001055D-889C-3BAE-66BD-CA6F720933D1}") = "UnityProject", "Assembly-UnityScript.unityproj", "{137A7369-EC96-0CC2-09B9-FE1D6DE1A3E3}"
EndProject
Project("{D001055D-889C-3BAE-66BD-CA6F720933D1}") = "UnityProject", "Assembly-UnityScript-Editor-firstpass.unityproj", "{6C1BC198-4B3C-9FED-CDA3-71B380F07B4D}"
EndProject
Global
	GlobalSection(SolutionConfigurationPlatforms) = preSolution
		Debug|Any CPU = Debug|Any CPU
		Release|Any CPU = Release|Any CPU
	EndGlobalSection
	GlobalSection(ProjectConfigurationPlatforms) = postSolution
		{FDE690F1-626F-FFA0-5754-E83120972A79}.Debug|Any CPU.ActiveCfg = Debug|Any CPU
		{FDE690F1-626F-FFA0-5754-E83120972A79}.Debug|Any CPU.Build.0 = Debug|Any CPU
		{FDE690F1-626F-FFA0-5754-E83120972A79}.Release|Any CPU.ActiveCfg = Release|Any CPU
		{FDE690F1-626F-FFA0-5754-E83120972A79}.Release|Any CPU.Build.0 = Release|Any CPU
		{5120E47E-05CF-77CB-C2BE-2B2453982161}.Debug|Any CPU.ActiveCfg = Debug|Any CPU
		{5120E47E-05CF-77CB-C2BE-2B2453982161}.Debug|Any CPU.Build.0 = Debug|Any CPU
		{5120E47E-05CF-77CB-C2BE-2B2453982161}.Release|Any CPU.ActiveCfg = Release|Any CPU
		{5120E47E-05CF-77CB-C2BE-2B2453982161}.Release|Any CPU.Build.0 = Release|Any CPU
		{137A7369-EC96-0CC2-09B9-FE1D6DE1A3E3}.Debug|Any CPU.ActiveCfg = Debug|Any CPU
		{137A7369-EC96-0CC2-09B9-FE1D6DE1A3E3}.Debug|Any CPU.Build.0 = Debug|Any CPU
		{137A7369-EC96-0CC2-09B9-FE1D6DE1A3E3}.Release|Any CPU.ActiveCfg = Release|Any CPU
		{137A7369-EC96-0CC2-09B9-FE1D6DE1A3E3}.Release|Any CPU.Build.0 = Release|Any CPU
		{6C1BC198-4B3C-9FED-CDA3-71B380F07B4D}.Debug|Any CPU.ActiveCfg = Debug|Any CPU
		{6C1BC198-4B3C-9FED-CDA3-71B380F07B4D}.Debug|Any CPU.Build.0 = Debug|Any CPU
		{6C1BC198-4B3C-9FED-CDA3-71B380F07B4D}.Release|Any CPU.ActiveCfg = Release|Any CPU
		{6C1BC198-4B3C-9FED-CDA3-71B380F07B4D}.Release|Any CPU.Build.0 = Release|Any CPU
	EndGlobalSection
	GlobalSection(SolutionProperties) = preSolution
		HideSolutionNode = FALSE
	EndGlobalSection
																																																																																																									GlobalSection(MonoDevelopProperties) = preSolution
		StartupItem = Assembly-CSharp.csproj
		Policies = $0
		$0.TextStylePolicy = $1
		$1.inheritsSet = null
		$1.scope = text/x-csharp
		$0.CSharpFormattingPolicy = $2
		$2.inheritsSet = Mono
		$2.inheritsScope = text/x-csharp
		$2.scope = text/x-csharp
		$0.TextStylePolicy = $3
		$3.FileWidth = 120
		$3.TabWidth = 4
		$3.EolMarker = Unix
		$3.inheritsSet = Mono
		$3.inheritsScope = text/plain
		$3.scope = text/plain
	EndGlobalSection

EndGlobal
